
Microsoft Visual Studio Solution File, Format Version 12.00
Project("{FAE04EC0-301F-11D3-BF4B-00C04F79EFBC}") = "Nanobin", "Nanobin.csproj", "{EE550B78-4550-473D-86F0-CF0B4BBCB842}"
EndProject
Project("{2150E333-8FDC-42A3-9474-1A3956D46DE8}") = "Solution Items", "Solution Items", "{E37B99F6-BD71-4633-8DBD-C8455E7FA393}"
	ProjectSection(SolutionItems) = preProject
		compose.yaml = compose.yaml
	EndProjectSection
EndProject
Global
	GlobalSection(SolutionConfigurationPlatforms) = preSolution
		Debug|Any CPU = Debug|Any CPU
		Release|Any CPU = Release|Any CPU
	EndGlobalSection
	GlobalSection(ProjectConfigurationPlatforms) = postSolution
		{EE550B78-4550-473D-86F0-CF0B4BBCB842}.Debug|Any CPU.ActiveCfg = Debug|Any CPU
		{EE550B78-4550-473D-86F0-CF0B4BBCB842}.Debug|Any CPU.Build.0 = Debug|Any CPU
		{EE550B78-4550-473D-86F0-CF0B4BBCB842}.Release|Any CPU.ActiveCfg = Release|Any CPU
		{EE550B78-4550-473D-86F0-CF0B4BBCB842}.Release|Any CPU.Build.0 = Release|Any CPU
	EndGlobalSection
EndGlobal
